// !$*UTF8*$!
{
	archiveVersion = 1;
	classes = {
	};
	objectVersion = 46;
	objects = {

/* Begin PBXBuildFile section */
		CEC1DAF61906BCBD001A5016 /* Foundation.framework in Frameworks */ = {isa = PBXBuildFile; fileRef = CEC1DAF51906BCBD001A5016 /* Foundation.framework */; };
		CEC1DAF81906BCBD001A5016 /* CoreGraphics.framework in Frameworks */ = {isa = PBXBuildFile; fileRef = CEC1DAF71906BCBD001A5016 /* CoreGraphics.framework */; };
		CEC1DAFA1906BCBD001A5016 /* UIKit.framework in Frameworks */ = {isa = PBXBuildFile; fileRef = CEC1DAF91906BCBD001A5016 /* UIKit.framework */; };
		CEC1DB001906BCBD001A5016 /* InfoPlist.strings in Resources */ = {isa = PBXBuildFile; fileRef = CEC1DAFE1906BCBD001A5016 /* InfoPlist.strings */; };
		CEC1DB021906BCBD001A5016 /* main.m in Sources */ = {isa = PBXBuildFile; fileRef = CEC1DB011906BCBD001A5016 /* main.m */; };
		CEC1DB061906BCBD001A5016 /* ZZAppDelegate.m in Sources */ = {isa = PBXBuildFile; fileRef = CEC1DB051906BCBD001A5016 /* ZZAppDelegate.m */; };
		CEC1DB091906BCBD001A5016 /* ZZRootViewController.m in Sources */ = {isa = PBXBuildFile; fileRef = CEC1DB081906BCBD001A5016 /* ZZRootViewController.m */; };
		CEC1DB0C1906BCBD001A5016 /* ZZDataViewController.m in Sources */ = {isa = PBXBuildFile; fileRef = CEC1DB0B1906BCBD001A5016 /* ZZDataViewController.m */; };
		CEC1DB0F1906BCBD001A5016 /* ZZModelController.m in Sources */ = {isa = PBXBuildFile; fileRef = CEC1DB0E1906BCBD001A5016 /* ZZModelController.m */; };
		CEC1DB121906BCBD001A5016 /* Main.storyboard in Resources */ = {isa = PBXBuildFile; fileRef = CEC1DB101906BCBD001A5016 /* Main.storyboard */; };
		CEC1DB141906BCBD001A5016 /* Images.xcassets in Resources */ = {isa = PBXBuildFile; fileRef = CEC1DB131906BCBD001A5016 /* Images.xcassets */; };
		CEC1DB1B1906BCBD001A5016 /* XCTest.framework in Frameworks */ = {isa = PBXBuildFile; fileRef = CEC1DB1A1906BCBD001A5016 /* XCTest.framework */; };
		CEC1DB1C1906BCBD001A5016 /* Foundation.framework in Frameworks */ = {isa = PBXBuildFile; fileRef = CEC1DAF51906BCBD001A5016 /* Foundation.framework */; };
		CEC1DB1D1906BCBD001A5016 /* UIKit.framework in Frameworks */ = {isa = PBXBuildFile; fileRef = CEC1DAF91906BCBD001A5016 /* UIKit.framework */; };
		CEC1DB251906BCBD001A5016 /* InfoPlist.strings in Resources */ = {isa = PBXBuildFile; fileRef = CEC1DB231906BCBD001A5016 /* InfoPlist.strings */; };
		CEC1DB271906BCBD001A5016 /* GitDemoTests.m in Sources */ = {isa = PBXBuildFile; fileRef = CEC1DB261906BCBD001A5016 /* GitDemoTests.m */; };
/* End PBXBuildFile section */

/* Begin PBXContainerItemProxy section */
		CEC1DB1E1906BCBD001A5016 /* PBXContainerItemProxy */ = {
			isa = PBXContainerItemProxy;
			containerPortal = CEC1DAEA1906BCBD001A5016 /* Project object */;
			proxyType = 1;
			remoteGlobalIDString = CEC1DAF11906BCBD001A5016;
			remoteInfo = GitDemo;
		};
/* End PBXContainerItemProxy section */

/* Begin PBXFileReference section */
		CEC1DAF21906BCBD001A5016 /* GitDemo.app */ = {isa = PBXFileReference; explicitFileType = wrapper.application; includeInIndex = 0; path = GitDemo.app; sourceTree = BUILT_PRODUCTS_DIR; };
		CEC1DAF51906BCBD001A5016 /* Foundation.framework */ = {isa = PBXFileReference; lastKnownFileType = wrapper.framework; name = Foundation.framework; path = System/Library/Frameworks/Foundation.framework; sourceTree = SDKROOT; };
		CEC1DAF71906BCBD001A5016 /* CoreGraphics.framework */ = {isa = PBXFileReference; lastKnownFileType = wrapper.framework; name = CoreGraphics.framework; path = System/Library/Frameworks/CoreGraphics.framework; sourceTree = SDKROOT; };
		CEC1DAF91906BCBD001A5016 /* UIKit.framework */ = {isa = PBXFileReference; lastKnownFileType = wrapper.framework; name = UIKit.framework; path = System/Library/Frameworks/UIKit.framework; sourceTree = SDKROOT; };
		CEC1DAFD1906BCBD001A5016 /* GitDemo-Info.plist */ = {isa = PBXFileReference; lastKnownFileType = text.plist.xml; path = "GitDemo-Info.plist"; sourceTree = "<group>"; };
		CEC1DAFF1906BCBD001A5016 /* en */ = {isa = PBXFileReference; lastKnownFileType = text.plist.strings; name = en; path = en.lproj/InfoPlist.strings; sourceTree = "<group>"; };
		CEC1DB011906BCBD001A5016 /* main.m */ = {isa = PBXFileReference; lastKnownFileType = sourcecode.c.objc; path = main.m; sourceTree = "<group>"; };
		CEC1DB031906BCBD001A5016 /* GitDemo-Prefix.pch */ = {isa = PBXFileReference; lastKnownFileType = sourcecode.c.h; path = "GitDemo-Prefix.pch"; sourceTree = "<group>"; };
		CEC1DB041906BCBD001A5016 /* ZZAppDelegate.h */ = {isa = PBXFileReference; lastKnownFileType = sourcecode.c.h; path = ZZAppDelegate.h; sourceTree = "<group>"; };
		CEC1DB051906BCBD001A5016 /* ZZAppDelegate.m */ = {isa = PBXFileReference; lastKnownFileType = sourcecode.c.objc; path = ZZAppDelegate.m; sourceTree = "<group>"; };
		CEC1DB071906BCBD001A5016 /* ZZRootViewController.h */ = {isa = PBXFileReference; lastKnownFileType = sourcecode.c.h; path = ZZRootViewController.h; sourceTree = "<group>"; };
		CEC1DB081906BCBD001A5016 /* ZZRootViewController.m */ = {isa = PBXFileReference; lastKnownFileType = sourcecode.c.objc; path = ZZRootViewController.m; sourceTree = "<group>"; };
		CEC1DB0A1906BCBD001A5016 /* ZZDataViewController.h */ = {isa = PBXFileReference; lastKnownFileType = sourcecode.c.h; path = ZZDataViewController.h; sourceTree = "<group>"; };
		CEC1DB0B1906BCBD001A5016 /* ZZDataViewController.m */ = {isa = PBXFileReference; lastKnownFileType = sourcecode.c.objc; path = ZZDataViewController.m; sourceTree = "<group>"; };
		CEC1DB0D1906BCBD001A5016 /* ZZModelController.h */ = {isa = PBXFileReference; lastKnownFileType = sourcecode.c.h; path = ZZModelController.h; sourceTree = "<group>"; };
		CEC1DB0E1906BCBD001A5016 /* ZZModelController.m */ = {isa = PBXFileReference; lastKnownFileType = sourcecode.c.objc; path = ZZModelController.m; sourceTree = "<group>"; };
		CEC1DB111906BCBD001A5016 /* Base */ = {isa = PBXFileReference; lastKnownFileType = file.storyboard; name = Base; path = Base.lproj/Main.storyboard; sourceTree = "<group>"; };
		CEC1DB131906BCBD001A5016 /* Images.xcassets */ = {isa = PBXFileReference; lastKnownFileType = folder.assetcatalog; path = Images.xcassets; sourceTree = "<group>"; };
		CEC1DB191906BCBD001A5016 /* GitDemoTests.xctest */ = {isa = PBXFileReference; explicitFileType = wrapper.cfbundle; includeInIndex = 0; path = GitDemoTests.xctest; sourceTree = BUILT_PRODUCTS_DIR; };
		CEC1DB1A1906BCBD001A5016 /* XCTest.framework */ = {isa = PBXFileReference; lastKnownFileType = wrapper.framework; name = XCTest.framework; path = Library/Frameworks/XCTest.framework; sourceTree = DEVELOPER_DIR; };
		CEC1DB221906BCBD001A5016 /* GitDemoTests-Info.plist */ = {isa = PBXFileReference; lastKnownFileType = text.plist.xml; path = "GitDemoTests-Info.plist"; sourceTree = "<group>"; };
		CEC1DB241906BCBD001A5016 /* en */ = {isa = PBXFileReference; lastKnownFileType = text.plist.strings; name = en; path = en.lproj/InfoPlist.strings; sourceTree = "<group>"; };
		CEC1DB261906BCBD001A5016 /* GitDemoTests.m */ = {isa = PBXFileReference; lastKnownFileType = sourcecode.c.objc; path = GitDemoTests.m; sourceTree = "<group>"; };
/* End PBXFileReference section */

/* Begin PBXFrameworksBuildPhase section */
		CEC1DAEF1906BCBD001A5016 /* Frameworks */ = {
			isa = PBXFrameworksBuildPhase;
			buildActionMask = 2147483647;
			files = (
				CEC1DAF81906BCBD001A5016 /* CoreGraphics.framework in Frameworks */,
				CEC1DAFA1906BCBD001A5016 /* UIKit.framework in Frameworks */,
				CEC1DAF61906BCBD001A5016 /* Foundation.framework in Frameworks */,
			);
			runOnlyForDeploymentPostprocessing = 0;
		};
		CEC1DB161906BCBD001A5016 /* Frameworks */ = {
			isa = PBXFrameworksBuildPhase;
			buildActionMask = 2147483647;
			files = (
				CEC1DB1B1906BCBD001A5016 /* XCTest.framework in Frameworks */,
				CEC1DB1D1906BCBD001A5016 /* UIKit.framework in Frameworks */,
				CEC1DB1C1906BCBD001A5016 /* Foundation.framework in Frameworks */,
			);
			runOnlyForDeploymentPostprocessing = 0;
		};
/* End PBXFrameworksBuildPhase section */

/* Begin PBXGroup section */
		CEC1DAE91906BCBD001A5016 = {
			isa = PBXGroup;
			children = (
				CEC1DAFB1906BCBD001A5016 /* GitDemo */,
				CEC1DB201906BCBD001A5016 /* GitDemoTests */,
				CEC1DAF41906BCBD001A5016 /* Frameworks */,
				CEC1DAF31906BCBD001A5016 /* Products */,
			);
			sourceTree = "<group>";
		};
		CEC1DAF31906BCBD001A5016 /* Products */ = {
			isa = PBXGroup;
			children = (
				CEC1DAF21906BCBD001A5016 /* GitDemo.app */,
				CEC1DB191906BCBD001A5016 /* GitDemoTests.xctest */,
			);
			name = Products;
			sourceTree = "<group>";
		};
		CEC1DAF41906BCBD001A5016 /* Frameworks */ = {
			isa = PBXGroup;
			children = (
				CEC1DAF51906BCBD001A5016 /* Foundation.framework */,
				CEC1DAF71906BCBD001A5016 /* CoreGraphics.framework */,
				CEC1DAF91906BCBD001A5016 /* UIKit.framework */,
				CEC1DB1A1906BCBD001A5016 /* XCTest.framework */,
			);
			name = Frameworks;
			sourceTree = "<group>";
		};
		CEC1DAFB1906BCBD001A5016 /* GitDemo */ = {
			isa = PBXGroup;
			children = (
				CEC1DB041906BCBD001A5016 /* ZZAppDelegate.h */,
				CEC1DB051906BCBD001A5016 /* ZZAppDelegate.m */,
				CEC1DB071906BCBD001A5016 /* ZZRootViewController.h */,
				CEC1DB081906BCBD001A5016 /* ZZRootViewController.m */,
				CEC1DB0A1906BCBD001A5016 /* ZZDataViewController.h */,
				CEC1DB0B1906BCBD001A5016 /* ZZDataViewController.m */,
				CEC1DB0D1906BCBD001A5016 /* ZZModelController.h */,
				CEC1DB0E1906BCBD001A5016 /* ZZModelController.m */,
				CEC1DB101906BCBD001A5016 /* Main.storyboard */,
				CEC1DB131906BCBD001A5016 /* Images.xcassets */,
				CEC1DAFC1906BCBD001A5016 /* Supporting Files */,
			);
			path = GitDemo;
			sourceTree = "<group>";
		};
		CEC1DAFC1906BCBD001A5016 /* Supporting Files */ = {
			isa = PBXGroup;
			children = (
				CEC1DAFD1906BCBD001A5016 /* GitDemo-Info.plist */,
				CEC1DAFE1906BCBD001A5016 /* InfoPlist.strings */,
				CEC1DB011906BCBD001A5016 /* main.m */,
				CEC1DB031906BCBD001A5016 /* GitDemo-Prefix.pch */,
			);
			name = "Supporting Files";
			sourceTree = "<group>";
		};
		CEC1DB201906BCBD001A5016 /* GitDemoTests */ = {
			isa = PBXGroup;
			children = (
				CEC1DB261906BCBD001A5016 /* GitDemoTests.m */,
				CEC1DB211906BCBD001A5016 /* Supporting Files */,
			);
			path = GitDemoTests;
			sourceTree = "<group>";
		};
		CEC1DB211906BCBD001A5016 /* Supporting Files */ = {
			isa = PBXGroup;
			children = (
				CEC1DB221906BCBD001A5016 /* GitDemoTests-Info.plist */,
				CEC1DB231906BCBD001A5016 /* InfoPlist.strings */,
			);
			name = "Supporting Files";
			sourceTree = "<group>";
		};
/* End PBXGroup section */

/* Begin PBXNativeTarget section */
		CEC1DAF11906BCBD001A5016 /* GitDemo */ = {
			isa = PBXNativeTarget;
			buildConfigurationList = CEC1DB2A1906BCBD001A5016 /* Build configuration list for PBXNativeTarget "GitDemo" */;
			buildPhases = (
				CEC1DAEE1906BCBD001A5016 /* Sources */,
				CEC1DAEF1906BCBD001A5016 /* Frameworks */,
				CEC1DAF01906BCBD001A5016 /* Resources */,
			);
			buildRules = (
			);
			dependencies = (
			);
			name = GitDemo;
			productName = GitDemo;
			productReference = CEC1DAF21906BCBD001A5016 /* GitDemo.app */;
			productType = "com.apple.product-type.application";
		};
		CEC1DB181906BCBD001A5016 /* GitDemoTests */ = {
			isa = PBXNativeTarget;
			buildConfigurationList = CEC1DB2D1906BCBD001A5016 /* Build configuration list for PBXNativeTarget "GitDemoTests" */;
			buildPhases = (
				CEC1DB151906BCBD001A5016 /* Sources */,
				CEC1DB161906BCBD001A5016 /* Frameworks */,
				CEC1DB171906BCBD001A5016 /* Resources */,
			);
			buildRules = (
			);
			dependencies = (
				CEC1DB1F1906BCBD001A5016 /* PBXTargetDependency */,
			);
			name = GitDemoTests;
			productName = GitDemoTests;
			productReference = CEC1DB191906BCBD001A5016 /* GitDemoTests.xctest */;
			productType = "com.apple.product-type.bundle.unit-test";
		};
/* End PBXNativeTarget section */

/* Begin PBXProject section */
		CEC1DAEA1906BCBD001A5016 /* Project object */ = {
			isa = PBXProject;
			attributes = {
				CLASSPREFIX = ZZ;
				LastUpgradeCheck = 0510;
				ORGANIZATIONNAME = ZZ;
				TargetAttributes = {
					CEC1DB181906BCBD001A5016 = {
						TestTargetID = CEC1DAF11906BCBD001A5016;
					};
				};
			};
			buildConfigurationList = CEC1DAED1906BCBD001A5016 /* Build configuration list for PBXProject "GitDemo" */;
			compatibilityVersion = "Xcode 3.2";
			developmentRegion = English;
			hasScannedForEncodings = 0;
			knownRegions = (
				en,
				Base,
			);
			mainGroup = CEC1DAE91906BCBD001A5016;
			productRefGroup = CEC1DAF31906BCBD001A5016 /* Products */;
			projectDirPath = "";
			projectRoot = "";
			targets = (
				CEC1DAF11906BCBD001A5016 /* GitDemo */,
				CEC1DB181906BCBD001A5016 /* GitDemoTests */,
			);
		};
/* End PBXProject section */

/* Begin PBXResourcesBuildPhase section */
		CEC1DAF01906BCBD001A5016 /* Resources */ = {
			isa = PBXResourcesBuildPhase;
			buildActionMask = 2147483647;
			files = (
				CEC1DB141906BCBD001A5016 /* Images.xcassets in Resources */,
				CEC1DB001906BCBD001A5016 /* InfoPlist.strings in Resources */,
				CEC1DB121906BCBD001A5016 /* Main.storyboard in Resources */,
			);
			runOnlyForDeploymentPostprocessing = 0;
		};
		CEC1DB171906BCBD001A5016 /* Resources */ = {
			isa = PBXResourcesBuildPhase;
			buildActionMask = 2147483647;
			files = (
				CEC1DB251906BCBD001A5016 /* InfoPlist.strings in Resources */,
			);
			runOnlyForDeploymentPostprocessing = 0;
		};
/* End PBXResourcesBuildPhase section */

/* Begin PBXSourcesBuildPhase section */
		CEC1DAEE1906BCBD001A5016 /* Sources */ = {
			isa = PBXSourcesBuildPhase;
			buildActionMask = 2147483647;
			files = (
				CEC1DB0F1906BCBD001A5016 /* ZZModelController.m in Sources */,
				CEC1DB061906BCBD001A5016 /* ZZAppDelegate.m in Sources */,
				CEC1DB091906BCBD001A5016 /* ZZRootViewController.m in Sources */,
				CEC1DB0C1906BCBD001A5016 /* ZZDataViewController.m in Sources */,
				CEC1DB021906BCBD001A5016 /* main.m in Sources */,
			);
			runOnlyForDeploymentPostprocessing = 0;
		};
		CEC1DB151906BCBD001A5016 /* Sources */ = {
			isa = PBXSourcesBuildPhase;
			buildActionMask = 2147483647;
			files = (
				CEC1DB271906BCBD001A5016 /* GitDemoTests.m in Sources */,
			);
			runOnlyForDeploymentPostprocessing = 0;
		};
/* End PBXSourcesBuildPhase section */

/* Begin PBXTargetDependency section */
		CEC1DB1F1906BCBD001A5016 /* PBXTargetDependency */ = {
			isa = PBXTargetDependency;
			target = CEC1DAF11906BCBD001A5016 /* GitDemo */;
			targetProxy = CEC1DB1E1906BCBD001A5016 /* PBXContainerItemProxy */;
		};
/* End PBXTargetDependency section */

/* Begin PBXVariantGroup section */
		CEC1DAFE1906BCBD001A5016 /* InfoPlist.strings */ = {
			isa = PBXVariantGroup;
			children = (
				CEC1DAFF1906BCBD001A5016 /* en */,
			);
			name = InfoPlist.strings;
			sourceTree = "<group>";
		};
		CEC1DB101906BCBD001A5016 /* Main.storyboard */ = {
			isa = PBXVariantGroup;
			children = (
				CEC1DB111906BCBD001A5016 /* Base */,
			);
			name = Main.storyboard;
			sourceTree = "<group>";
		};
		CEC1DB231906BCBD001A5016 /* InfoPlist.strings */ = {
			isa = PBXVariantGroup;
			children = (
				CEC1DB241906BCBD001A5016 /* en */,
			);
			name = InfoPlist.strings;
			sourceTree = "<group>";
		};
/* End PBXVariantGroup section */

/* Begin XCBuildConfiguration section */
		CEC1DB281906BCBD001A5016 /* Debug */ = {
			isa = XCBuildConfiguration;
			buildSettings = {
				ALWAYS_SEARCH_USER_PATHS = NO;
				CLANG_CXX_LANGUAGE_STANDARD = "gnu++0x";
				CLANG_CXX_LIBRARY = "libc++";
				CLANG_ENABLE_MODULES = YES;
				CLANG_ENABLE_OBJC_ARC = YES;
				CLANG_WARN_BOOL_CONVERSION = YES;
				CLANG_WARN_CONSTANT_CONVERSION = YES;
				CLANG_WARN_DIRECT_OBJC_ISA_USAGE = YES_ERROR;
				CLANG_WARN_EMPTY_BODY = YES;
				CLANG_WARN_ENUM_CONVERSION = YES;
				CLANG_WARN_INT_CONVERSION = YES;
				CLANG_WARN_OBJC_ROOT_CLASS = YES_ERROR;
				CLANG_WARN__DUPLICATE_METHOD_MATCH = YES;
				"CODE_SIGN_IDENTITY[sdk=iphoneos*]" = "iPhone Developer";
				COPY_PHASE_STRIP = NO;
				GCC_C_LANGUAGE_STANDARD = gnu99;
				GCC_DYNAMIC_NO_PIC = NO;
				GCC_OPTIMIZATION_LEVEL = 0;
				GCC_PREPROCESSOR_DEFINITIONS = (
					"DEBUG=1",
					"$(inherited)",
				);
				GCC_SYMBOLS_PRIVATE_EXTERN = NO;
				GCC_WARN_64_TO_32_BIT_CONVERSION = YES;
				GCC_WARN_ABOUT_RETURN_TYPE = YES_ERROR;
				GCC_WARN_UNDECLARED_SELECTOR = YES;
				GCC_WARN_UNINITIALIZED_AUTOS = YES_AGGRESSIVE;
				GCC_WARN_UNUSED_FUNCTION = YES;
				GCC_WARN_UNUSED_VARIABLE = YES;
				IPHONEOS_DEPLOYMENT_TARGET = 7.1;
				ONLY_ACTIVE_ARCH = YES;
				SDKROOT = iphoneos;
			};
			name = Debug;
		};
		CEC1DB291906BCBD001A5016 /* Release */ = {
			isa = XCBuildConfiguration;
			buildSettings = {
				ALWAYS_SEARCH_USER_PATHS = NO;
				CLANG_CXX_LANGUAGE_STANDARD = "gnu++0x";
				CLANG_CXX_LIBRARY = "libc++";
				CLANG_ENABLE_MODULES = YES;
				CLANG_ENABLE_OBJC_ARC = YES;
				CLANG_WARN_BOOL_CONVERSION = YES;
				CLANG_WARN_CONSTANT_CONVERSION = YES;
				CLANG_WARN_DIRECT_OBJC_ISA_USAGE = YES_ERROR;
				CLANG_WARN_EMPTY_BODY = YES;
				CLANG_WARN_ENUM_CONVERSION = YES;
				CLANG_WARN_INT_CONVERSION = YES;
				CLANG_WARN_OBJC_ROOT_CLASS = YES_ERROR;
				CLANG_WARN__DUPLICATE_METHOD_MATCH = YES;
				"CODE_SIGN_IDENTITY[sdk=iphoneos*]" = "iPhone Developer";
				COPY_PHASE_STRIP = YES;
				ENABLE_NS_ASSERTIONS = NO;
				GCC_C_LANGUAGE_STANDARD = gnu99;
				GCC_WARN_64_TO_32_BIT_CONVERSION = YES;
				GCC_WARN_ABOUT_RETURN_TYPE = YES_ERROR;
				GCC_WARN_UNDECLARED_SELECTOR = YES;
				GCC_WARN_UNINITIALIZED_AUTOS = YES_AGGRESSIVE;
				GCC_WARN_UNUSED_FUNCTION = YES;
				GCC_WARN_UNUSED_VARIABLE = YES;
				IPHONEOS_DEPLOYMENT_TARGET = 7.1;
				SDKROOT = iphoneos;
				VALIDATE_PRODUCT = YES;
			};
			name = Release;
		};
		CEC1DB2B1906BCBD001A5016 /* Debug */ = {
			isa = XCBuildConfiguration;
			buildSettings = {
				ASSETCATALOG_COMPILER_APPICON_NAME = AppIcon;
				ASSETCATALOG_COMPILER_LAUNCHIMAGE_NAME = LaunchImage;
				GCC_PRECOMPILE_PREFIX_HEADER = YES;
				GCC_PREFIX_HEADER = "GitDemo/GitDemo-Prefix.pch";
				INFOPLIST_FILE = "GitDemo/GitDemo-Info.plist";
				PRODUCT_NAME = "$(TARGET_NAME)";
				WRAPPER_EXTENSION = app;
			};
			name = Debug;
		};
		CEC1DB2C1906BCBD001A5016 /* Release */ = {
			isa = XCBuildConfiguration;
			buildSettings = {
				ASSETCATALOG_COMPILER_APPICON_NAME = AppIcon;
				ASSETCATALOG_COMPILER_LAUNCHIMAGE_NAME = LaunchImage;
				GCC_PRECOMPILE_PREFIX_HEADER = YES;
				GCC_PREFIX_HEADER = "GitDemo/GitDemo-Prefix.pch";
				INFOPLIST_FILE = "GitDemo/GitDemo-Info.plist";
				PRODUCT_NAME = "$(TARGET_NAME)";
				WRAPPER_EXTENSION = app;
			};
			name = Release;
		};
		CEC1DB2E1906BCBD001A5016 /* Debug */ = {
			isa = XCBuildConfiguration;
			buildSettings = {
				BUNDLE_LOADER = "$(BUILT_PRODUCTS_DIR)/GitDemo.app/GitDemo";
				FRAMEWORK_SEARCH_PATHS = (
					"$(SDKROOT)/Developer/Library/Frameworks",
					"$(inherited)",
					"$(DEVELOPER_FRAMEWORKS_DIR)",
				);
				GCC_PRECOMPILE_PREFIX_HEADER = YES;
				GCC_PREFIX_HEADER = "GitDemo/GitDemo-Prefix.pch";
				GCC_PREPROCESSOR_DEFINITIONS = (
					"DEBUG=1",
					"$(inherited)",
				);
				INFOPLIST_FILE = "GitDemoTests/GitDemoTests-Info.plist";
				PRODUCT_NAME = "$(TARGET_NAME)";
				TEST_HOST = "$(BUNDLE_LOADER)";
				WRAPPER_EXTENSION = xctest;
			};
			name = Debug;
		};
		CEC1DB2F1906BCBD001A5016 /* Release */ = {
			isa = XCBuildConfiguration;
			buildSettings = {
				BUNDLE_LOADER = "$(BUILT_PRODUCTS_DIR)/GitDemo.app/GitDemo";
				FRAMEWORK_SEARCH_PATHS = (
					"$(SDKROOT)/Developer/Library/Frameworks",
					"$(inherited)",
					"$(DEVELOPER_FRAMEWORKS_DIR)",
				);
				GCC_PRECOMPILE_PREFIX_HEADER = YES;
				GCC_PREFIX_HEADER = "GitDemo/GitDemo-Prefix.pch";
				INFOPLIST_FILE = "GitDemoTests/GitDemoTests-Info.plist";
				PRODUCT_NAME = "$(TARGET_NAME)";
				TEST_HOST = "$(BUNDLE_LOADER)";
				WRAPPER_EXTENSION = xctest;
			};
			name = Release;
		};
/* End XCBuildConfiguration section */

/* Begin XCConfigurationList section */
		CEC1DAED1906BCBD001A5016 /* Build configuration list for PBXProject "GitDemo" */ = {
			isa = XCConfigurationList;
			buildConfigurations = (
				CEC1DB281906BCBD001A5016 /* Debug */,
				CEC1DB291906BCBD001A5016 /* Release */,
			);
			defaultConfigurationIsVisible = 0;
			defaultConfigurationName = Release;
		};
		CEC1DB2A1906BCBD001A5016 /* Build configuration list for PBXNativeTarget "GitDemo" */ = {
			isa = XCConfigurationList;
			buildConfigurations = (
				CEC1DB2B1906BCBD001A5016 /* Debug */,
				CEC1DB2C1906BCBD001A5016 /* Release */,
			);
			defaultConfigurationIsVisible = 0;
		};
		CEC1DB2D1906BCBD001A5016 /* Build configuration list for PBXNativeTarget "GitDemoTests" */ = {
			isa = XCConfigurationList;
			buildConfigurations = (
				CEC1DB2E1906BCBD001A5016 /* Debug */,
				CEC1DB2F1906BCBD001A5016 /* Release */,
			);
			defaultConfigurationIsVisible = 0;
		};
/* End XCConfigurationList section */
	};
	rootObject = CEC1DAEA1906BCBD001A5016 /* Project object */;
}
